// !$*UTF8*$!
{
	archiveVersion = 1;
	classes = {
	};
	objectVersion = 48;
	objects = {

/* Begin PBXBuildFile section */
		006AD6321FDA508A00C058A6 /* FingersConfig.swift in Sources */ = {isa = PBXBuildFile; fileRef = 006AD6221FDA508A00C058A6 /* FingersConfig.swift */; };
		006AD6331FDA508A00C058A6 /* GloveArmConfig.swift in Sources */ = {isa = PBXBuildFile; fileRef = 006AD6231FDA508A00C058A6 /* GloveArmConfig.swift */; };
		006AD6341FDA508A00C058A6 /* GloveArmInstructionGenerator.swift in Sources */ = {isa = PBXBuildFile; fileRef = 006AD6241FDA508A00C058A6 /* GloveArmInstructionGenerator.swift */; };
		006AD6351FDA508A00C058A6 /* GloveInstructionGenerator.swift in Sources */ = {isa = PBXBuildFile; fileRef = 006AD6251FDA508A00C058A6 /* GloveInstructionGenerator.swift */; };
		006AD6361FDA508A00C058A6 /* GlovePattern.swift in Sources */ = {isa = PBXBuildFile; fileRef = 006AD6261FDA508A00C058A6 /* GlovePattern.swift */; };
		006AD6371FDA508A00C058A6 /* GloveStrings.swift in Sources */ = {isa = PBXBuildFile; fileRef = 006AD6271FDA508A00C058A6 /* GloveStrings.swift */; };
		006AD6381FDA508A00C058A6 /* HandMeasurements.swift in Sources */ = {isa = PBXBuildFile; fileRef = 006AD6281FDA508A00C058A6 /* HandMeasurements.swift */; };
		006AD6391FDA508A00C058A6 /* ThumbHandConfig.swift in Sources */ = {isa = PBXBuildFile; fileRef = 006AD6291FDA508A00C058A6 /* ThumbHandConfig.swift */; };
		006AD63A1FDA508A00C058A6 /* BasicStitchPatterns.swift in Sources */ = {isa = PBXBuildFile; fileRef = 006AD62B1FDA508A00C058A6 /* BasicStitchPatterns.swift */; };
		006AD63B1FDA508A00C058A6 /* Gauge.swift in Sources */ = {isa = PBXBuildFile; fileRef = 006AD62C1FDA508A00C058A6 /* Gauge.swift */; };
		006AD63C1FDA508A00C058A6 /* InstructionGenerator.swift in Sources */ = {isa = PBXBuildFile; fileRef = 006AD62D1FDA508A00C058A6 /* InstructionGenerator.swift */; };
		006AD63D1FDA508A00C058A6 /* KnittingPattern.swift in Sources */ = {isa = PBXBuildFile; fileRef = 006AD62E1FDA508A00C058A6 /* KnittingPattern.swift */; };
		006AD63E1FDA508A00C058A6 /* PatternInstruction.swift in Sources */ = {isa = PBXBuildFile; fileRef = 006AD62F1FDA508A00C058A6 /* PatternInstruction.swift */; };
		006AD63F1FDA508A00C058A6 /* RibbedStitchPatterns.swift in Sources */ = {isa = PBXBuildFile; fileRef = 006AD6301FDA508A00C058A6 /* RibbedStitchPatterns.swift */; };
		006AD6401FDA508A00C058A6 /* StitchPattern.swift in Sources */ = {isa = PBXBuildFile; fileRef = 006AD6311FDA508A00C058A6 /* StitchPattern.swift */; };
		006AD66E1FDDF41500C058A6 /* LimpAlongController.swift in Sources */ = {isa = PBXBuildFile; fileRef = 006AD66D1FDDF41500C058A6 /* LimpAlongController.swift */; };
		006AD6701FDE204500C058A6 /* Knitter.swift in Sources */ = {isa = PBXBuildFile; fileRef = 006AD66F1FDE204500C058A6 /* Knitter.swift */; };
		006AD6721FDE210300C058A6 /* SimpleShapeModule.swift in Sources */ = {isa = PBXBuildFile; fileRef = 006AD6711FDE210300C058A6 /* SimpleShapeModule.swift */; };
		006AD6741FDE222800C058A6 /* GloveModule.swift in Sources */ = {isa = PBXBuildFile; fileRef = 006AD6731FDE222800C058A6 /* GloveModule.swift */; };
		006AD6781FDF8C2F00C058A6 /* CreatePatternViewController.swift in Sources */ = {isa = PBXBuildFile; fileRef = 006AD6771FDF8C2F00C058A6 /* CreatePatternViewController.swift */; };
		4946C89A1FC9F68B00F03AC9 /* AppDelegate.swift in Sources */ = {isa = PBXBuildFile; fileRef = 4946C8991FC9F68B00F03AC9 /* AppDelegate.swift */; };
		4946C89C1FC9F68B00F03AC9 /* ViewController.swift in Sources */ = {isa = PBXBuildFile; fileRef = 4946C89B1FC9F68B00F03AC9 /* ViewController.swift */; };
		4946C89F1FC9F68B00F03AC9 /* Main.storyboard in Resources */ = {isa = PBXBuildFile; fileRef = 4946C89D1FC9F68B00F03AC9 /* Main.storyboard */; };
		4946C8A21FC9F68B00F03AC9 /* KnitOn.xcdatamodeld in Sources */ = {isa = PBXBuildFile; fileRef = 4946C8A01FC9F68B00F03AC9 /* KnitOn.xcdatamodeld */; };
		4946C8A41FC9F68B00F03AC9 /* Assets.xcassets in Resources */ = {isa = PBXBuildFile; fileRef = 4946C8A31FC9F68B00F03AC9 /* Assets.xcassets */; };
		4946C8A71FC9F68B00F03AC9 /* LaunchScreen.storyboard in Resources */ = {isa = PBXBuildFile; fileRef = 4946C8A51FC9F68B00F03AC9 /* LaunchScreen.storyboard */; };
		4946C8B21FC9F68C00F03AC9 /* KnitOnTests.swift in Sources */ = {isa = PBXBuildFile; fileRef = 4946C8B11FC9F68C00F03AC9 /* KnitOnTests.swift */; };
		4946C8BD1FC9F68C00F03AC9 /* KnitOnUITests.swift in Sources */ = {isa = PBXBuildFile; fileRef = 4946C8BC1FC9F68C00F03AC9 /* KnitOnUITests.swift */; };
		4946C8CF1FCB7D9300F03AC9 /* Markup.swift in Sources */ = {isa = PBXBuildFile; fileRef = 4946C8CE1FCB7D9300F03AC9 /* Markup.swift */; };
		495663981FD1DF4D0047D159 /* LimpAlongCreateNewViewController.swift in Sources */ = {isa = PBXBuildFile; fileRef = 495663971FD1DF4D0047D159 /* LimpAlongCreateNewViewController.swift */; };
		4956639E1FD721D90047D159 /* LimpAlongPatternViewController.swift in Sources */ = {isa = PBXBuildFile; fileRef = 4956639D1FD721D90047D159 /* LimpAlongPatternViewController.swift */; };
		495663A01FD721EC0047D159 /* LimpAlongInstructionsViewController.swift in Sources */ = {isa = PBXBuildFile; fileRef = 4956639F1FD721EC0047D159 /* LimpAlongInstructionsViewController.swift */; };
		49FCE3391FDCBF5C00AEDCA9 /* KnitOn.swift in Sources */ = {isa = PBXBuildFile; fileRef = 49FCE3381FDCBF5C00AEDCA9 /* KnitOn.swift */; };
		49FCE33E1FDCCF5700AEDCA9 /* MarkupElement.swift in Sources */ = {isa = PBXBuildFile; fileRef = 49FCE33D1FDCCF5700AEDCA9 /* MarkupElement.swift */; };
		49FCE3421FDCCF8000AEDCA9 /* Title.swift in Sources */ = {isa = PBXBuildFile; fileRef = 49FCE3411FDCCF8000AEDCA9 /* Title.swift */; };
		49FCE3441FDCCF8C00AEDCA9 /* Header.swift in Sources */ = {isa = PBXBuildFile; fileRef = 49FCE3431FDCCF8C00AEDCA9 /* Header.swift */; };
		49FCE3461FDCCF9700AEDCA9 /* Div.swift in Sources */ = {isa = PBXBuildFile; fileRef = 49FCE3451FDCCF9700AEDCA9 /* Div.swift */; };
		49FCE3481FDCCFA700AEDCA9 /* List.swift in Sources */ = {isa = PBXBuildFile; fileRef = 49FCE3471FDCCFA700AEDCA9 /* List.swift */; };
		49FCE34A1FDCCFBB00AEDCA9 /* ActionableWrapper.swift in Sources */ = {isa = PBXBuildFile; fileRef = 49FCE3491FDCCFBB00AEDCA9 /* ActionableWrapper.swift */; };
		49FCE34C1FDCCFC900AEDCA9 /* Text.swift in Sources */ = {isa = PBXBuildFile; fileRef = 49FCE34B1FDCCFC900AEDCA9 /* Text.swift */; };
		49FCE34E1FDCCFD200AEDCA9 /* AttributedText.swift in Sources */ = {isa = PBXBuildFile; fileRef = 49FCE34D1FDCCFD200AEDCA9 /* AttributedText.swift */; };
/* End PBXBuildFile section */

/* Begin PBXContainerItemProxy section */
		4946C8AE1FC9F68C00F03AC9 /* PBXContainerItemProxy */ = {
			isa = PBXContainerItemProxy;
			containerPortal = 4946C88E1FC9F68B00F03AC9 /* Project object */;
			proxyType = 1;
			remoteGlobalIDString = 4946C8951FC9F68B00F03AC9;
			remoteInfo = KnitOn;
		};
		4946C8B91FC9F68C00F03AC9 /* PBXContainerItemProxy */ = {
			isa = PBXContainerItemProxy;
			containerPortal = 4946C88E1FC9F68B00F03AC9 /* Project object */;
			proxyType = 1;
			remoteGlobalIDString = 4946C8951FC9F68B00F03AC9;
			remoteInfo = KnitOn;
		};
/* End PBXContainerItemProxy section */

/* Begin PBXFileReference section */
		006AD6221FDA508A00C058A6 /* FingersConfig.swift */ = {isa = PBXFileReference; fileEncoding = 4; lastKnownFileType = sourcecode.swift; path = FingersConfig.swift; sourceTree = "<group>"; };
		006AD6231FDA508A00C058A6 /* GloveArmConfig.swift */ = {isa = PBXFileReference; fileEncoding = 4; lastKnownFileType = sourcecode.swift; path = GloveArmConfig.swift; sourceTree = "<group>"; };
		006AD6241FDA508A00C058A6 /* GloveArmInstructionGenerator.swift */ = {isa = PBXFileReference; fileEncoding = 4; lastKnownFileType = sourcecode.swift; path = GloveArmInstructionGenerator.swift; sourceTree = "<group>"; };
		006AD6251FDA508A00C058A6 /* GloveInstructionGenerator.swift */ = {isa = PBXFileReference; fileEncoding = 4; lastKnownFileType = sourcecode.swift; path = GloveInstructionGenerator.swift; sourceTree = "<group>"; };
		006AD6261FDA508A00C058A6 /* GlovePattern.swift */ = {isa = PBXFileReference; fileEncoding = 4; lastKnownFileType = sourcecode.swift; path = GlovePattern.swift; sourceTree = "<group>"; };
		006AD6271FDA508A00C058A6 /* GloveStrings.swift */ = {isa = PBXFileReference; fileEncoding = 4; lastKnownFileType = sourcecode.swift; path = GloveStrings.swift; sourceTree = "<group>"; };
		006AD6281FDA508A00C058A6 /* HandMeasurements.swift */ = {isa = PBXFileReference; fileEncoding = 4; lastKnownFileType = sourcecode.swift; path = HandMeasurements.swift; sourceTree = "<group>"; };
		006AD6291FDA508A00C058A6 /* ThumbHandConfig.swift */ = {isa = PBXFileReference; fileEncoding = 4; lastKnownFileType = sourcecode.swift; path = ThumbHandConfig.swift; sourceTree = "<group>"; };
		006AD62B1FDA508A00C058A6 /* BasicStitchPatterns.swift */ = {isa = PBXFileReference; fileEncoding = 4; lastKnownFileType = sourcecode.swift; path = BasicStitchPatterns.swift; sourceTree = "<group>"; };
		006AD62C1FDA508A00C058A6 /* Gauge.swift */ = {isa = PBXFileReference; fileEncoding = 4; lastKnownFileType = sourcecode.swift; path = Gauge.swift; sourceTree = "<group>"; };
		006AD62D1FDA508A00C058A6 /* InstructionGenerator.swift */ = {isa = PBXFileReference; fileEncoding = 4; lastKnownFileType = sourcecode.swift; path = InstructionGenerator.swift; sourceTree = "<group>"; };
		006AD62E1FDA508A00C058A6 /* KnittingPattern.swift */ = {isa = PBXFileReference; fileEncoding = 4; lastKnownFileType = sourcecode.swift; path = KnittingPattern.swift; sourceTree = "<group>"; };
		006AD62F1FDA508A00C058A6 /* PatternInstruction.swift */ = {isa = PBXFileReference; fileEncoding = 4; lastKnownFileType = sourcecode.swift; path = PatternInstruction.swift; sourceTree = "<group>"; };
		006AD6301FDA508A00C058A6 /* RibbedStitchPatterns.swift */ = {isa = PBXFileReference; fileEncoding = 4; lastKnownFileType = sourcecode.swift; path = RibbedStitchPatterns.swift; sourceTree = "<group>"; };
		006AD6311FDA508A00C058A6 /* StitchPattern.swift */ = {isa = PBXFileReference; fileEncoding = 4; lastKnownFileType = sourcecode.swift; path = StitchPattern.swift; sourceTree = "<group>"; };
		006AD66D1FDDF41500C058A6 /* LimpAlongController.swift */ = {isa = PBXFileReference; fileEncoding = 4; lastKnownFileType = sourcecode.swift; path = LimpAlongController.swift; sourceTree = "<group>"; };
		006AD66F1FDE204500C058A6 /* Knitter.swift */ = {isa = PBXFileReference; lastKnownFileType = sourcecode.swift; path = Knitter.swift; sourceTree = "<group>"; };
		006AD6711FDE210300C058A6 /* SimpleShapeModule.swift */ = {isa = PBXFileReference; lastKnownFileType = sourcecode.swift; path = SimpleShapeModule.swift; sourceTree = "<group>"; };
		006AD6731FDE222800C058A6 /* GloveModule.swift */ = {isa = PBXFileReference; lastKnownFileType = sourcecode.swift; path = GloveModule.swift; sourceTree = "<group>"; };
		006AD6771FDF8C2F00C058A6 /* CreatePatternViewController.swift */ = {isa = PBXFileReference; lastKnownFileType = sourcecode.swift; path = CreatePatternViewController.swift; sourceTree = "<group>"; };
		4946C8961FC9F68B00F03AC9 /* KnitOn.app */ = {isa = PBXFileReference; explicitFileType = wrapper.application; includeInIndex = 0; path = KnitOn.app; sourceTree = BUILT_PRODUCTS_DIR; };
		4946C8991FC9F68B00F03AC9 /* AppDelegate.swift */ = {isa = PBXFileReference; lastKnownFileType = sourcecode.swift; path = AppDelegate.swift; sourceTree = "<group>"; };
		4946C89B1FC9F68B00F03AC9 /* ViewController.swift */ = {isa = PBXFileReference; lastKnownFileType = sourcecode.swift; path = ViewController.swift; sourceTree = "<group>"; };
		4946C89E1FC9F68B00F03AC9 /* Base */ = {isa = PBXFileReference; lastKnownFileType = file.storyboard; name = Base; path = Base.lproj/Main.storyboard; sourceTree = "<group>"; };
		4946C8A11FC9F68B00F03AC9 /* KnitOn.xcdatamodel */ = {isa = PBXFileReference; lastKnownFileType = wrapper.xcdatamodel; path = KnitOn.xcdatamodel; sourceTree = "<group>"; };
		4946C8A31FC9F68B00F03AC9 /* Assets.xcassets */ = {isa = PBXFileReference; lastKnownFileType = folder.assetcatalog; path = Assets.xcassets; sourceTree = "<group>"; };
		4946C8A61FC9F68B00F03AC9 /* Base */ = {isa = PBXFileReference; lastKnownFileType = file.storyboard; name = Base; path = Base.lproj/LaunchScreen.storyboard; sourceTree = "<group>"; };
		4946C8A81FC9F68B00F03AC9 /* Info.plist */ = {isa = PBXFileReference; lastKnownFileType = text.plist.xml; path = Info.plist; sourceTree = "<group>"; };
		4946C8AD1FC9F68C00F03AC9 /* KnitOnTests.xctest */ = {isa = PBXFileReference; explicitFileType = wrapper.cfbundle; includeInIndex = 0; path = KnitOnTests.xctest; sourceTree = BUILT_PRODUCTS_DIR; };
		4946C8B11FC9F68C00F03AC9 /* KnitOnTests.swift */ = {isa = PBXFileReference; lastKnownFileType = sourcecode.swift; path = KnitOnTests.swift; sourceTree = "<group>"; };
		4946C8B31FC9F68C00F03AC9 /* Info.plist */ = {isa = PBXFileReference; lastKnownFileType = text.plist.xml; path = Info.plist; sourceTree = "<group>"; };
		4946C8B81FC9F68C00F03AC9 /* KnitOnUITests.xctest */ = {isa = PBXFileReference; explicitFileType = wrapper.cfbundle; includeInIndex = 0; path = KnitOnUITests.xctest; sourceTree = BUILT_PRODUCTS_DIR; };
		4946C8BC1FC9F68C00F03AC9 /* KnitOnUITests.swift */ = {isa = PBXFileReference; lastKnownFileType = sourcecode.swift; path = KnitOnUITests.swift; sourceTree = "<group>"; };
		4946C8BE1FC9F68C00F03AC9 /* Info.plist */ = {isa = PBXFileReference; lastKnownFileType = text.plist.xml; path = Info.plist; sourceTree = "<group>"; };
		4946C8CE1FCB7D9300F03AC9 /* Markup.swift */ = {isa = PBXFileReference; lastKnownFileType = sourcecode.swift; path = Markup.swift; sourceTree = "<group>"; };
		495663971FD1DF4D0047D159 /* LimpAlongCreateNewViewController.swift */ = {isa = PBXFileReference; lastKnownFileType = sourcecode.swift; path = LimpAlongCreateNewViewController.swift; sourceTree = "<group>"; };
		4956639D1FD721D90047D159 /* LimpAlongPatternViewController.swift */ = {isa = PBXFileReference; lastKnownFileType = sourcecode.swift; path = LimpAlongPatternViewController.swift; sourceTree = "<group>"; };
		4956639F1FD721EC0047D159 /* LimpAlongInstructionsViewController.swift */ = {isa = PBXFileReference; lastKnownFileType = sourcecode.swift; path = LimpAlongInstructionsViewController.swift; sourceTree = "<group>"; };
		49FCE3381FDCBF5C00AEDCA9 /* KnitOn.swift */ = {isa = PBXFileReference; lastKnownFileType = sourcecode.swift; path = KnitOn.swift; sourceTree = "<group>"; };
		49FCE33D1FDCCF5700AEDCA9 /* MarkupElement.swift */ = {isa = PBXFileReference; lastKnownFileType = sourcecode.swift; path = MarkupElement.swift; sourceTree = "<group>"; };
		49FCE3411FDCCF8000AEDCA9 /* Title.swift */ = {isa = PBXFileReference; lastKnownFileType = sourcecode.swift; path = Title.swift; sourceTree = "<group>"; };
		49FCE3431FDCCF8C00AEDCA9 /* Header.swift */ = {isa = PBXFileReference; lastKnownFileType = sourcecode.swift; path = Header.swift; sourceTree = "<group>"; };
		49FCE3451FDCCF9700AEDCA9 /* Div.swift */ = {isa = PBXFileReference; lastKnownFileType = sourcecode.swift; path = Div.swift; sourceTree = "<group>"; };
		49FCE3471FDCCFA700AEDCA9 /* List.swift */ = {isa = PBXFileReference; lastKnownFileType = sourcecode.swift; path = List.swift; sourceTree = "<group>"; };
		49FCE3491FDCCFBB00AEDCA9 /* ActionableWrapper.swift */ = {isa = PBXFileReference; lastKnownFileType = sourcecode.swift; path = ActionableWrapper.swift; sourceTree = "<group>"; };
		49FCE34B1FDCCFC900AEDCA9 /* Text.swift */ = {isa = PBXFileReference; lastKnownFileType = sourcecode.swift; path = Text.swift; sourceTree = "<group>"; };
		49FCE34D1FDCCFD200AEDCA9 /* AttributedText.swift */ = {isa = PBXFileReference; lastKnownFileType = sourcecode.swift; path = AttributedText.swift; sourceTree = "<group>"; };
/* End PBXFileReference section */

/* Begin PBXFrameworksBuildPhase section */
		4946C8931FC9F68B00F03AC9 /* Frameworks */ = {
			isa = PBXFrameworksBuildPhase;
			buildActionMask = 2147483647;
			files = (
			);
			runOnlyForDeploymentPostprocessing = 0;
		};
		4946C8AA1FC9F68C00F03AC9 /* Frameworks */ = {
			isa = PBXFrameworksBuildPhase;
			buildActionMask = 2147483647;
			files = (
			);
			runOnlyForDeploymentPostprocessing = 0;
		};
		4946C8B51FC9F68C00F03AC9 /* Frameworks */ = {
			isa = PBXFrameworksBuildPhase;
			buildActionMask = 2147483647;
			files = (
			);
			runOnlyForDeploymentPostprocessing = 0;
		};
/* End PBXFrameworksBuildPhase section */

/* Begin PBXGroup section */
		006AD6201FDA508A00C058A6 /* Model */ = {
			isa = PBXGroup;
			children = (
				006AD6211FDA508A00C058A6 /* Gloves */,
				006AD62A1FDA508A00C058A6 /* SimpleShapes */,
			);
			path = Model;
			sourceTree = "<group>";
		};
		006AD6211FDA508A00C058A6 /* Gloves */ = {
			isa = PBXGroup;
			children = (
				006AD6221FDA508A00C058A6 /* FingersConfig.swift */,
				006AD6231FDA508A00C058A6 /* GloveArmConfig.swift */,
				006AD6241FDA508A00C058A6 /* GloveArmInstructionGenerator.swift */,
				006AD6251FDA508A00C058A6 /* GloveInstructionGenerator.swift */,
				006AD6261FDA508A00C058A6 /* GlovePattern.swift */,
				006AD6271FDA508A00C058A6 /* GloveStrings.swift */,
				006AD6281FDA508A00C058A6 /* HandMeasurements.swift */,
				006AD6291FDA508A00C058A6 /* ThumbHandConfig.swift */,
				006AD6731FDE222800C058A6 /* GloveModule.swift */,
			);
			path = Gloves;
			sourceTree = "<group>";
		};
		006AD62A1FDA508A00C058A6 /* SimpleShapes */ = {
			isa = PBXGroup;
			children = (
				006AD62B1FDA508A00C058A6 /* BasicStitchPatterns.swift */,
				006AD62C1FDA508A00C058A6 /* Gauge.swift */,
				006AD62D1FDA508A00C058A6 /* InstructionGenerator.swift */,
				006AD62E1FDA508A00C058A6 /* KnittingPattern.swift */,
				006AD62F1FDA508A00C058A6 /* PatternInstruction.swift */,
				006AD6301FDA508A00C058A6 /* RibbedStitchPatterns.swift */,
				006AD6311FDA508A00C058A6 /* StitchPattern.swift */,
				006AD66F1FDE204500C058A6 /* Knitter.swift */,
				006AD6711FDE210300C058A6 /* SimpleShapeModule.swift */,
			);
			path = SimpleShapes;
			sourceTree = "<group>";
		};
		00A32F7A1FD112DD00F2C482 /* Utilities */ = {
			isa = PBXGroup;
			children = (
				49FCE33A1FDCCF3500AEDCA9 /* Markup */,
			);
			path = Utilities;
			sourceTree = "<group>";
		};
		00A32F7F1FD11AF000F2C482 /* Controller */ = {
			isa = PBXGroup;
			children = (
				006AD66D1FDDF41500C058A6 /* LimpAlongController.swift */,
				49FCE3381FDCBF5C00AEDCA9 /* KnitOn.swift */,
				4946C89B1FC9F68B00F03AC9 /* ViewController.swift */,
				495663971FD1DF4D0047D159 /* LimpAlongCreateNewViewController.swift */,
				4956639D1FD721D90047D159 /* LimpAlongPatternViewController.swift */,
				4956639F1FD721EC0047D159 /* LimpAlongInstructionsViewController.swift */,
				006AD6771FDF8C2F00C058A6 /* CreatePatternViewController.swift */,
			);
			path = Controller;
			sourceTree = "<group>";
		};
		4946C88D1FC9F68B00F03AC9 = {
			isa = PBXGroup;
			children = (
				4946C8981FC9F68B00F03AC9 /* KnitOn */,
				4946C8B01FC9F68C00F03AC9 /* KnitOnTests */,
				4946C8BB1FC9F68C00F03AC9 /* KnitOnUITests */,
				4946C8971FC9F68B00F03AC9 /* Products */,
			);
			sourceTree = "<group>";
		};
		4946C8971FC9F68B00F03AC9 /* Products */ = {
			isa = PBXGroup;
			children = (
				4946C8961FC9F68B00F03AC9 /* KnitOn.app */,
				4946C8AD1FC9F68C00F03AC9 /* KnitOnTests.xctest */,
				4946C8B81FC9F68C00F03AC9 /* KnitOnUITests.xctest */,
			);
			name = Products;
			sourceTree = "<group>";
		};
		4946C8981FC9F68B00F03AC9 /* KnitOn */ = {
			isa = PBXGroup;
			children = (
				4946C89D1FC9F68B00F03AC9 /* Main.storyboard */,
				006AD6201FDA508A00C058A6 /* Model */,
				00A32F7F1FD11AF000F2C482 /* Controller */,
				00A32F7A1FD112DD00F2C482 /* Utilities */,
				4946C8991FC9F68B00F03AC9 /* AppDelegate.swift */,
				4946C8A31FC9F68B00F03AC9 /* Assets.xcassets */,
				4946C8A51FC9F68B00F03AC9 /* LaunchScreen.storyboard */,
				4946C8A81FC9F68B00F03AC9 /* Info.plist */,
				4946C8A01FC9F68B00F03AC9 /* KnitOn.xcdatamodeld */,
			);
			path = KnitOn;
			sourceTree = "<group>";
		};
		4946C8B01FC9F68C00F03AC9 /* KnitOnTests */ = {
			isa = PBXGroup;
			children = (
				4946C8B11FC9F68C00F03AC9 /* KnitOnTests.swift */,
				4946C8B31FC9F68C00F03AC9 /* Info.plist */,
			);
			path = KnitOnTests;
			sourceTree = "<group>";
		};
		4946C8BB1FC9F68C00F03AC9 /* KnitOnUITests */ = {
			isa = PBXGroup;
			children = (
				4946C8BC1FC9F68C00F03AC9 /* KnitOnUITests.swift */,
				4946C8BE1FC9F68C00F03AC9 /* Info.plist */,
			);
			path = KnitOnUITests;
			sourceTree = "<group>";
		};
		49FCE33A1FDCCF3500AEDCA9 /* Markup */ = {
			isa = PBXGroup;
			children = (
				4946C8CE1FCB7D9300F03AC9 /* Markup.swift */,
				49FCE33D1FDCCF5700AEDCA9 /* MarkupElement.swift */,
				49FCE3411FDCCF8000AEDCA9 /* Title.swift */,
				49FCE3431FDCCF8C00AEDCA9 /* Header.swift */,
				49FCE3451FDCCF9700AEDCA9 /* Div.swift */,
				49FCE3471FDCCFA700AEDCA9 /* List.swift */,
				49FCE3491FDCCFBB00AEDCA9 /* ActionableWrapper.swift */,
				49FCE34B1FDCCFC900AEDCA9 /* Text.swift */,
				49FCE34D1FDCCFD200AEDCA9 /* AttributedText.swift */,
			);
			path = Markup;
			sourceTree = "<group>";
		};
/* End PBXGroup section */

/* Begin PBXNativeTarget section */
		4946C8951FC9F68B00F03AC9 /* KnitOn */ = {
			isa = PBXNativeTarget;
			buildConfigurationList = 4946C8C11FC9F68C00F03AC9 /* Build configuration list for PBXNativeTarget "KnitOn" */;
			buildPhases = (
				4946C8921FC9F68B00F03AC9 /* Sources */,
				4946C8931FC9F68B00F03AC9 /* Frameworks */,
				4946C8941FC9F68B00F03AC9 /* Resources */,
			);
			buildRules = (
			);
			dependencies = (
			);
			name = KnitOn;
			productName = KnitOn;
			productReference = 4946C8961FC9F68B00F03AC9 /* KnitOn.app */;
			productType = "com.apple.product-type.application";
		};
		4946C8AC1FC9F68C00F03AC9 /* KnitOnTests */ = {
			isa = PBXNativeTarget;
			buildConfigurationList = 4946C8C41FC9F68C00F03AC9 /* Build configuration list for PBXNativeTarget "KnitOnTests" */;
			buildPhases = (
				4946C8A91FC9F68C00F03AC9 /* Sources */,
				4946C8AA1FC9F68C00F03AC9 /* Frameworks */,
				4946C8AB1FC9F68C00F03AC9 /* Resources */,
			);
			buildRules = (
			);
			dependencies = (
				4946C8AF1FC9F68C00F03AC9 /* PBXTargetDependency */,
			);
			name = KnitOnTests;
			productName = KnitOnTests;
			productReference = 4946C8AD1FC9F68C00F03AC9 /* KnitOnTests.xctest */;
			productType = "com.apple.product-type.bundle.unit-test";
		};
		4946C8B71FC9F68C00F03AC9 /* KnitOnUITests */ = {
			isa = PBXNativeTarget;
			buildConfigurationList = 4946C8C71FC9F68C00F03AC9 /* Build configuration list for PBXNativeTarget "KnitOnUITests" */;
			buildPhases = (
				4946C8B41FC9F68C00F03AC9 /* Sources */,
				4946C8B51FC9F68C00F03AC9 /* Frameworks */,
				4946C8B61FC9F68C00F03AC9 /* Resources */,
			);
			buildRules = (
			);
			dependencies = (
				4946C8BA1FC9F68C00F03AC9 /* PBXTargetDependency */,
			);
			name = KnitOnUITests;
			productName = KnitOnUITests;
			productReference = 4946C8B81FC9F68C00F03AC9 /* KnitOnUITests.xctest */;
			productType = "com.apple.product-type.bundle.ui-testing";
		};
/* End PBXNativeTarget section */

/* Begin PBXProject section */
		4946C88E1FC9F68B00F03AC9 /* Project object */ = {
			isa = PBXProject;
			attributes = {
				LastSwiftUpdateCheck = 0910;
				LastUpgradeCheck = 0910;
				ORGANIZATIONNAME = "Knit On";
				TargetAttributes = {
					4946C8951FC9F68B00F03AC9 = {
						CreatedOnToolsVersion = 9.1;
						ProvisioningStyle = Automatic;
					};
					4946C8AC1FC9F68C00F03AC9 = {
						CreatedOnToolsVersion = 9.1;
						ProvisioningStyle = Automatic;
						TestTargetID = 4946C8951FC9F68B00F03AC9;
					};
					4946C8B71FC9F68C00F03AC9 = {
						CreatedOnToolsVersion = 9.1;
						ProvisioningStyle = Automatic;
						TestTargetID = 4946C8951FC9F68B00F03AC9;
					};
				};
			};
			buildConfigurationList = 4946C8911FC9F68B00F03AC9 /* Build configuration list for PBXProject "KnitOn" */;
			compatibilityVersion = "Xcode 8.0";
			developmentRegion = en;
			hasScannedForEncodings = 0;
			knownRegions = (
				en,
				Base,
			);
			mainGroup = 4946C88D1FC9F68B00F03AC9;
			productRefGroup = 4946C8971FC9F68B00F03AC9 /* Products */;
			projectDirPath = "";
			projectRoot = "";
			targets = (
				4946C8951FC9F68B00F03AC9 /* KnitOn */,
				4946C8AC1FC9F68C00F03AC9 /* KnitOnTests */,
				4946C8B71FC9F68C00F03AC9 /* KnitOnUITests */,
			);
		};
/* End PBXProject section */

/* Begin PBXResourcesBuildPhase section */
		4946C8941FC9F68B00F03AC9 /* Resources */ = {
			isa = PBXResourcesBuildPhase;
			buildActionMask = 2147483647;
			files = (
				4946C8A71FC9F68B00F03AC9 /* LaunchScreen.storyboard in Resources */,
				4946C8A41FC9F68B00F03AC9 /* Assets.xcassets in Resources */,
				4946C89F1FC9F68B00F03AC9 /* Main.storyboard in Resources */,
			);
			runOnlyForDeploymentPostprocessing = 0;
		};
		4946C8AB1FC9F68C00F03AC9 /* Resources */ = {
			isa = PBXResourcesBuildPhase;
			buildActionMask = 2147483647;
			files = (
			);
			runOnlyForDeploymentPostprocessing = 0;
		};
		4946C8B61FC9F68C00F03AC9 /* Resources */ = {
			isa = PBXResourcesBuildPhase;
			buildActionMask = 2147483647;
			files = (
			);
			runOnlyForDeploymentPostprocessing = 0;
		};
/* End PBXResourcesBuildPhase section */

/* Begin PBXSourcesBuildPhase section */
		4946C8921FC9F68B00F03AC9 /* Sources */ = {
			isa = PBXSourcesBuildPhase;
			buildActionMask = 2147483647;
			files = (
				49FCE33E1FDCCF5700AEDCA9 /* MarkupElement.swift in Sources */,
				006AD6721FDE210300C058A6 /* SimpleShapeModule.swift in Sources */,
				495663A01FD721EC0047D159 /* LimpAlongInstructionsViewController.swift in Sources */,
				006AD63A1FDA508A00C058A6 /* BasicStitchPatterns.swift in Sources */,
				006AD63D1FDA508A00C058A6 /* KnittingPattern.swift in Sources */,
				006AD6391FDA508A00C058A6 /* ThumbHandConfig.swift in Sources */,
				49FCE3461FDCCF9700AEDCA9 /* Div.swift in Sources */,
				006AD6361FDA508A00C058A6 /* GlovePattern.swift in Sources */,
				49FCE34E1FDCCFD200AEDCA9 /* AttributedText.swift in Sources */,
				006AD6321FDA508A00C058A6 /* FingersConfig.swift in Sources */,
				006AD6401FDA508A00C058A6 /* StitchPattern.swift in Sources */,
				49FCE3481FDCCFA700AEDCA9 /* List.swift in Sources */,
				006AD63E1FDA508A00C058A6 /* PatternInstruction.swift in Sources */,
				006AD63F1FDA508A00C058A6 /* RibbedStitchPatterns.swift in Sources */,
				006AD6701FDE204500C058A6 /* Knitter.swift in Sources */,
				006AD6741FDE222800C058A6 /* GloveModule.swift in Sources */,
				006AD6331FDA508A00C058A6 /* GloveArmConfig.swift in Sources */,
				006AD63C1FDA508A00C058A6 /* InstructionGenerator.swift in Sources */,
				006AD6351FDA508A00C058A6 /* GloveInstructionGenerator.swift in Sources */,
				006AD6371FDA508A00C058A6 /* GloveStrings.swift in Sources */,
				49FCE34C1FDCCFC900AEDCA9 /* Text.swift in Sources */,
				49FCE3441FDCCF8C00AEDCA9 /* Header.swift in Sources */,
				4946C8CF1FCB7D9300F03AC9 /* Markup.swift in Sources */,
				006AD6781FDF8C2F00C058A6 /* CreatePatternViewController.swift in Sources */,
				49FCE3421FDCCF8000AEDCA9 /* Title.swift in Sources */,
				49FCE3391FDCBF5C00AEDCA9 /* KnitOn.swift in Sources */,
				495663981FD1DF4D0047D159 /* LimpAlongCreateNewViewController.swift in Sources */,
				006AD63B1FDA508A00C058A6 /* Gauge.swift in Sources */,
				006AD6381FDA508A00C058A6 /* HandMeasurements.swift in Sources */,
				4946C89C1FC9F68B00F03AC9 /* ViewController.swift in Sources */,
				006AD6341FDA508A00C058A6 /* GloveArmInstructionGenerator.swift in Sources */,
				006AD66E1FDDF41500C058A6 /* LimpAlongController.swift in Sources */,
				49FCE34A1FDCCFBB00AEDCA9 /* ActionableWrapper.swift in Sources */,
				4946C8A21FC9F68B00F03AC9 /* KnitOn.xcdatamodeld in Sources */,
				4956639E1FD721D90047D159 /* LimpAlongPatternViewController.swift in Sources */,
				4946C89A1FC9F68B00F03AC9 /* AppDelegate.swift in Sources */,
			);
			runOnlyForDeploymentPostprocessing = 0;
		};
		4946C8A91FC9F68C00F03AC9 /* Sources */ = {
			isa = PBXSourcesBuildPhase;
			buildActionMask = 2147483647;
			files = (
				4946C8B21FC9F68C00F03AC9 /* KnitOnTests.swift in Sources */,
			);
			runOnlyForDeploymentPostprocessing = 0;
		};
		4946C8B41FC9F68C00F03AC9 /* Sources */ = {
			isa = PBXSourcesBuildPhase;
			buildActionMask = 2147483647;
			files = (
				4946C8BD1FC9F68C00F03AC9 /* KnitOnUITests.swift in Sources */,
			);
			runOnlyForDeploymentPostprocessing = 0;
		};
/* End PBXSourcesBuildPhase section */

/* Begin PBXTargetDependency section */
		4946C8AF1FC9F68C00F03AC9 /* PBXTargetDependency */ = {
			isa = PBXTargetDependency;
			target = 4946C8951FC9F68B00F03AC9 /* KnitOn */;
			targetProxy = 4946C8AE1FC9F68C00F03AC9 /* PBXContainerItemProxy */;
		};
		4946C8BA1FC9F68C00F03AC9 /* PBXTargetDependency */ = {
			isa = PBXTargetDependency;
			target = 4946C8951FC9F68B00F03AC9 /* KnitOn */;
			targetProxy = 4946C8B91FC9F68C00F03AC9 /* PBXContainerItemProxy */;
		};
/* End PBXTargetDependency section */

/* Begin PBXVariantGroup section */
		4946C89D1FC9F68B00F03AC9 /* Main.storyboard */ = {
			isa = PBXVariantGroup;
			children = (
				4946C89E1FC9F68B00F03AC9 /* Base */,
			);
			name = Main.storyboard;
			sourceTree = "<group>";
		};
		4946C8A51FC9F68B00F03AC9 /* LaunchScreen.storyboard */ = {
			isa = PBXVariantGroup;
			children = (
				4946C8A61FC9F68B00F03AC9 /* Base */,
			);
			name = LaunchScreen.storyboard;
			sourceTree = "<group>";
		};
/* End PBXVariantGroup section */

/* Begin XCBuildConfiguration section */
		4946C8BF1FC9F68C00F03AC9 /* Debug */ = {
			isa = XCBuildConfiguration;
			buildSettings = {
				ALWAYS_SEARCH_USER_PATHS = NO;
				CLANG_ANALYZER_NONNULL = YES;
				CLANG_ANALYZER_NUMBER_OBJECT_CONVERSION = YES_AGGRESSIVE;
				CLANG_CXX_LANGUAGE_STANDARD = "gnu++14";
				CLANG_CXX_LIBRARY = "libc++";
				CLANG_ENABLE_MODULES = YES;
				CLANG_ENABLE_OBJC_ARC = YES;
				CLANG_WARN_BLOCK_CAPTURE_AUTORELEASING = YES;
				CLANG_WARN_BOOL_CONVERSION = YES;
				CLANG_WARN_COMMA = YES;
				CLANG_WARN_CONSTANT_CONVERSION = YES;
				CLANG_WARN_DIRECT_OBJC_ISA_USAGE = YES_ERROR;
				CLANG_WARN_DOCUMENTATION_COMMENTS = YES;
				CLANG_WARN_EMPTY_BODY = YES;
				CLANG_WARN_ENUM_CONVERSION = YES;
				CLANG_WARN_INFINITE_RECURSION = YES;
				CLANG_WARN_INT_CONVERSION = YES;
				CLANG_WARN_NON_LITERAL_NULL_CONVERSION = YES;
				CLANG_WARN_OBJC_LITERAL_CONVERSION = YES;
				CLANG_WARN_OBJC_ROOT_CLASS = YES_ERROR;
				CLANG_WARN_RANGE_LOOP_ANALYSIS = YES;
				CLANG_WARN_STRICT_PROTOTYPES = YES;
				CLANG_WARN_SUSPICIOUS_MOVE = YES;
				CLANG_WARN_UNGUARDED_AVAILABILITY = YES_AGGRESSIVE;
				CLANG_WARN_UNREACHABLE_CODE = YES;
				CLANG_WARN__DUPLICATE_METHOD_MATCH = YES;
				CODE_SIGN_IDENTITY = "iPhone Developer";
				COPY_PHASE_STRIP = NO;
				DEBUG_INFORMATION_FORMAT = dwarf;
				ENABLE_STRICT_OBJC_MSGSEND = YES;
				ENABLE_TESTABILITY = YES;
				GCC_C_LANGUAGE_STANDARD = gnu11;
				GCC_DYNAMIC_NO_PIC = NO;
				GCC_NO_COMMON_BLOCKS = YES;
				GCC_OPTIMIZATION_LEVEL = 0;
				GCC_PREPROCESSOR_DEFINITIONS = (
					"DEBUG=1",
					"$(inherited)",
				);
				GCC_WARN_64_TO_32_BIT_CONVERSION = YES;
				GCC_WARN_ABOUT_RETURN_TYPE = YES_ERROR;
				GCC_WARN_UNDECLARED_SELECTOR = YES;
				GCC_WARN_UNINITIALIZED_AUTOS = YES_AGGRESSIVE;
				GCC_WARN_UNUSED_FUNCTION = YES;
				GCC_WARN_UNUSED_VARIABLE = YES;
				IPHONEOS_DEPLOYMENT_TARGET = 11.1;
				MTL_ENABLE_DEBUG_INFO = YES;
				ONLY_ACTIVE_ARCH = YES;
				SDKROOT = iphoneos;
				SWIFT_ACTIVE_COMPILATION_CONDITIONS = DEBUG;
				SWIFT_OPTIMIZATION_LEVEL = "-Onone";
			};
			name = Debug;
		};
		4946C8C01FC9F68C00F03AC9 /* Release */ = {
			isa = XCBuildConfiguration;
			buildSettings = {
				ALWAYS_SEARCH_USER_PATHS = NO;
				CLANG_ANALYZER_NONNULL = YES;
				CLANG_ANALYZER_NUMBER_OBJECT_CONVERSION = YES_AGGRESSIVE;
				CLANG_CXX_LANGUAGE_STANDARD = "gnu++14";
				CLANG_CXX_LIBRARY = "libc++";
				CLANG_ENABLE_MODULES = YES;
				CLANG_ENABLE_OBJC_ARC = YES;
				CLANG_WARN_BLOCK_CAPTURE_AUTORELEASING = YES;
				CLANG_WARN_BOOL_CONVERSION = YES;
				CLANG_WARN_COMMA = YES;
				CLANG_WARN_CONSTANT_CONVERSION = YES;
				CLANG_WARN_DIRECT_OBJC_ISA_USAGE = YES_ERROR;
				CLANG_WARN_DOCUMENTATION_COMMENTS = YES;
				CLANG_WARN_EMPTY_BODY = YES;
				CLANG_WARN_ENUM_CONVERSION = YES;
				CLANG_WARN_INFINITE_RECURSION = YES;
				CLANG_WARN_INT_CONVERSION = YES;
				CLANG_WARN_NON_LITERAL_NULL_CONVERSION = YES;
				CLANG_WARN_OBJC_LITERAL_CONVERSION = YES;
				CLANG_WARN_OBJC_ROOT_CLASS = YES_ERROR;
				CLANG_WARN_RANGE_LOOP_ANALYSIS = YES;
				CLANG_WARN_STRICT_PROTOTYPES = YES;
				CLANG_WARN_SUSPICIOUS_MOVE = YES;
				CLANG_WARN_UNGUARDED_AVAILABILITY = YES_AGGRESSIVE;
				CLANG_WARN_UNREACHABLE_CODE = YES;
				CLANG_WARN__DUPLICATE_METHOD_MATCH = YES;
				CODE_SIGN_IDENTITY = "iPhone Developer";
				COPY_PHASE_STRIP = NO;
				DEBUG_INFORMATION_FORMAT = "dwarf-with-dsym";
				ENABLE_NS_ASSERTIONS = NO;
				ENABLE_STRICT_OBJC_MSGSEND = YES;
				GCC_C_LANGUAGE_STANDARD = gnu11;
				GCC_NO_COMMON_BLOCKS = YES;
				GCC_WARN_64_TO_32_BIT_CONVERSION = YES;
				GCC_WARN_ABOUT_RETURN_TYPE = YES_ERROR;
				GCC_WARN_UNDECLARED_SELECTOR = YES;
				GCC_WARN_UNINITIALIZED_AUTOS = YES_AGGRESSIVE;
				GCC_WARN_UNUSED_FUNCTION = YES;
				GCC_WARN_UNUSED_VARIABLE = YES;
				IPHONEOS_DEPLOYMENT_TARGET = 11.1;
				MTL_ENABLE_DEBUG_INFO = NO;
				SDKROOT = iphoneos;
				SWIFT_OPTIMIZATION_LEVEL = "-Owholemodule";
				VALIDATE_PRODUCT = YES;
			};
			name = Release;
		};
		4946C8C21FC9F68C00F03AC9 /* Debug */ = {
			isa = XCBuildConfiguration;
			buildSettings = {
				ASSETCATALOG_COMPILER_APPICON_NAME = AppIcon;
				CODE_SIGN_STYLE = Automatic;
				DEVELOPMENT_TEAM = S67SBSB58B;
				INFOPLIST_FILE = KnitOn/Info.plist;
				LD_RUNPATH_SEARCH_PATHS = "$(inherited) @executable_path/Frameworks";
				PRODUCT_BUNDLE_IDENTIFIER = com.KnitOn;
				PRODUCT_NAME = "$(TARGET_NAME)";
				SWIFT_VERSION = 4.0;
				TARGETED_DEVICE_FAMILY = "1,2";
			};
			name = Debug;
		};
		4946C8C31FC9F68C00F03AC9 /* Release */ = {
			isa = XCBuildConfiguration;
			buildSettings = {
				ASSETCATALOG_COMPILER_APPICON_NAME = AppIcon;
				CODE_SIGN_STYLE = Automatic;
				DEVELOPMENT_TEAM = S67SBSB58B;
				INFOPLIST_FILE = KnitOn/Info.plist;
				LD_RUNPATH_SEARCH_PATHS = "$(inherited) @executable_path/Frameworks";
				PRODUCT_BUNDLE_IDENTIFIER = com.KnitOn;
				PRODUCT_NAME = "$(TARGET_NAME)";
				SWIFT_VERSION = 4.0;
				TARGETED_DEVICE_FAMILY = "1,2";
			};
			name = Release;
		};
		4946C8C51FC9F68C00F03AC9 /* Debug */ = {
			isa = XCBuildConfiguration;
			buildSettings = {
				ALWAYS_EMBED_SWIFT_STANDARD_LIBRARIES = YES;
				BUNDLE_LOADER = "$(TEST_HOST)";
				CODE_SIGN_STYLE = Automatic;
				DEVELOPMENT_TEAM = S67SBSB58B;
				INFOPLIST_FILE = KnitOnTests/Info.plist;
				LD_RUNPATH_SEARCH_PATHS = "$(inherited) @executable_path/Frameworks @loader_path/Frameworks";
				PRODUCT_BUNDLE_IDENTIFIER = com.KnitOnTests;
				PRODUCT_NAME = "$(TARGET_NAME)";
				SWIFT_VERSION = 4.0;
				TARGETED_DEVICE_FAMILY = "1,2";
				TEST_HOST = "$(BUILT_PRODUCTS_DIR)/KnitOn.app/KnitOn";
			};
			name = Debug;
		};
		4946C8C61FC9F68C00F03AC9 /* Release */ = {
			isa = XCBuildConfiguration;
			buildSettings = {
				ALWAYS_EMBED_SWIFT_STANDARD_LIBRARIES = YES;
				BUNDLE_LOADER = "$(TEST_HOST)";
				CODE_SIGN_STYLE = Automatic;
				DEVELOPMENT_TEAM = S67SBSB58B;
				INFOPLIST_FILE = KnitOnTests/Info.plist;
				LD_RUNPATH_SEARCH_PATHS = "$(inherited) @executable_path/Frameworks @loader_path/Frameworks";
				PRODUCT_BUNDLE_IDENTIFIER = com.KnitOnTests;
				PRODUCT_NAME = "$(TARGET_NAME)";
				SWIFT_VERSION = 4.0;
				TARGETED_DEVICE_FAMILY = "1,2";
				TEST_HOST = "$(BUILT_PRODUCTS_DIR)/KnitOn.app/KnitOn";
			};
			name = Release;
		};
		4946C8C81FC9F68C00F03AC9 /* Debug */ = {
			isa = XCBuildConfiguration;
			buildSettings = {
				ALWAYS_EMBED_SWIFT_STANDARD_LIBRARIES = YES;
				CODE_SIGN_STYLE = Automatic;
				DEVELOPMENT_TEAM = S67SBSB58B;
				INFOPLIST_FILE = KnitOnUITests/Info.plist;
				LD_RUNPATH_SEARCH_PATHS = "$(inherited) @executable_path/Frameworks @loader_path/Frameworks";
				PRODUCT_BUNDLE_IDENTIFIER = com.KnitOnUITests;
				PRODUCT_NAME = "$(TARGET_NAME)";
				SWIFT_VERSION = 4.0;
				TARGETED_DEVICE_FAMILY = "1,2";
				TEST_TARGET_NAME = KnitOn;
			};
			name = Debug;
		};
		4946C8C91FC9F68C00F03AC9 /* Release */ = {
			isa = XCBuildConfiguration;
			buildSettings = {
				ALWAYS_EMBED_SWIFT_STANDARD_LIBRARIES = YES;
				CODE_SIGN_STYLE = Automatic;
				DEVELOPMENT_TEAM = S67SBSB58B;
				INFOPLIST_FILE = KnitOnUITests/Info.plist;
				LD_RUNPATH_SEARCH_PATHS = "$(inherited) @executable_path/Frameworks @loader_path/Frameworks";
				PRODUCT_BUNDLE_IDENTIFIER = com.KnitOnUITests;
				PRODUCT_NAME = "$(TARGET_NAME)";
				SWIFT_VERSION = 4.0;
				TARGETED_DEVICE_FAMILY = "1,2";
				TEST_TARGET_NAME = KnitOn;
			};
			name = Release;
		};
/* End XCBuildConfiguration section */

/* Begin XCConfigurationList section */
		4946C8911FC9F68B00F03AC9 /* Build configuration list for PBXProject "KnitOn" */ = {
			isa = XCConfigurationList;
			buildConfigurations = (
				4946C8BF1FC9F68C00F03AC9 /* Debug */,
				4946C8C01FC9F68C00F03AC9 /* Release */,
			);
			defaultConfigurationIsVisible = 0;
			defaultConfigurationName = Release;
		};
		4946C8C11FC9F68C00F03AC9 /* Build configuration list for PBXNativeTarget "KnitOn" */ = {
			isa = XCConfigurationList;
			buildConfigurations = (
				4946C8C21FC9F68C00F03AC9 /* Debug */,
				4946C8C31FC9F68C00F03AC9 /* Release */,
			);
			defaultConfigurationIsVisible = 0;
			defaultConfigurationName = Release;
		};
		4946C8C41FC9F68C00F03AC9 /* Build configuration list for PBXNativeTarget "KnitOnTests" */ = {
			isa = XCConfigurationList;
			buildConfigurations = (
				4946C8C51FC9F68C00F03AC9 /* Debug */,
				4946C8C61FC9F68C00F03AC9 /* Release */,
			);
			defaultConfigurationIsVisible = 0;
			defaultConfigurationName = Release;
		};
		4946C8C71FC9F68C00F03AC9 /* Build configuration list for PBXNativeTarget "KnitOnUITests" */ = {
			isa = XCConfigurationList;
			buildConfigurations = (
				4946C8C81FC9F68C00F03AC9 /* Debug */,
				4946C8C91FC9F68C00F03AC9 /* Release */,
			);
			defaultConfigurationIsVisible = 0;
			defaultConfigurationName = Release;
		};
/* End XCConfigurationList section */

/* Begin XCVersionGroup section */
		4946C8A01FC9F68B00F03AC9 /* KnitOn.xcdatamodeld */ = {
			isa = XCVersionGroup;
			children = (
				4946C8A11FC9F68B00F03AC9 /* KnitOn.xcdatamodel */,
			);
			currentVersion = 4946C8A11FC9F68B00F03AC9 /* KnitOn.xcdatamodel */;
			path = KnitOn.xcdatamodeld;
			sourceTree = "<group>";
			versionGroupType = wrapper.xcdatamodel;
		};
/* End XCVersionGroup section */
	};
	rootObject = 4946C88E1FC9F68B00F03AC9 /* Project object */;
}
